
Microsoft Visual Studio Solution File, Format Version 12.00
# Visual Studio 15
VisualStudioVersion = 15.0.28307.539
MinimumVisualStudioVersion = 10.0.40219.1
Project("{FAE04EC0-301F-11D3-BF4B-00C04F79EFBC}") = "groupby_practice", "groupby_practice\groupby_practice.csproj", "{78C035DF-9DBC-4839-897B-CEA04457A8D8}"
EndProject
Global
	GlobalSection(SolutionConfigurationPlatforms) = preSolution
		Debug|Any CPU = Debug|Any CPU
		Release|Any CPU = Release|Any CPU
	EndGlobalSection
	GlobalSection(ProjectConfigurationPlatforms) = postSolution
		{78C035DF-9DBC-4839-897B-CEA04457A8D8}.Debug|Any CPU.ActiveCfg = Debug|Any CPU
		{78C035DF-9DBC-4839-897B-CEA04457A8D8}.Debug|Any CPU.Build.0 = Debug|Any CPU
		{78C035DF-9DBC-4839-897B-CEA04457A8D8}.Release|Any CPU.ActiveCfg = Release|Any CPU
		{78C035DF-9DBC-4839-897B-CEA04457A8D8}.Release|Any CPU.Build.0 = Release|Any CPU
	EndGlobalSection
	GlobalSection(SolutionProperties) = preSolution
		HideSolutionNode = FALSE
	EndGlobalSection
	GlobalSection(ExtensibilityGlobals) = postSolution
		SolutionGuid = {D44A49D5-73B0-4C92-8022-489A49B59FCC}
	EndGlobalSection
EndGlobal
