
Microsoft Visual Studio Solution File, Format Version 12.00
# Visual Studio 15
VisualStudioVersion = 15.0.28307.539
MinimumVisualStudioVersion = 10.0.40219.1
Project("{FAE04EC0-301F-11D3-BF4B-00C04F79EFBC}") = "linq_practice", "linq_practice\linq_practice.csproj", "{D399F0CC-0085-40D4-A56D-ED1084F1DBF7}"
EndProject
Global
	GlobalSection(SolutionConfigurationPlatforms) = preSolution
		Debug|Any CPU = Debug|Any CPU
		Release|Any CPU = Release|Any CPU
	EndGlobalSection
	GlobalSection(ProjectConfigurationPlatforms) = postSolution
		{D399F0CC-0085-40D4-A56D-ED1084F1DBF7}.Debug|Any CPU.ActiveCfg = Debug|Any CPU
		{D399F0CC-0085-40D4-A56D-ED1084F1DBF7}.Debug|Any CPU.Build.0 = Debug|Any CPU
		{D399F0CC-0085-40D4-A56D-ED1084F1DBF7}.Release|Any CPU.ActiveCfg = Release|Any CPU
		{D399F0CC-0085-40D4-A56D-ED1084F1DBF7}.Release|Any CPU.Build.0 = Release|Any CPU
	EndGlobalSection
	GlobalSection(SolutionProperties) = preSolution
		HideSolutionNode = FALSE
	EndGlobalSection
	GlobalSection(ExtensibilityGlobals) = postSolution
		SolutionGuid = {72E4B2A5-E841-4695-B3E1-BDA212208036}
	EndGlobalSection
EndGlobal
