
Microsoft Visual Studio Solution File, Format Version 12.00
# Visual Studio 15
VisualStudioVersion = 15.0.28307.539
MinimumVisualStudioVersion = 10.0.40219.1
Project("{FAE04EC0-301F-11D3-BF4B-00C04F79EFBC}") = "ArrayPractice", "ArrayPractice\ArrayPractice.csproj", "{B15A41D6-6DB5-4B3C-9CAA-95C89FD02F69}"
EndProject
Global
	GlobalSection(SolutionConfigurationPlatforms) = preSolution
		Debug|Any CPU = Debug|Any CPU
		Release|Any CPU = Release|Any CPU
	EndGlobalSection
	GlobalSection(ProjectConfigurationPlatforms) = postSolution
		{B15A41D6-6DB5-4B3C-9CAA-95C89FD02F69}.Debug|Any CPU.ActiveCfg = Debug|Any CPU
		{B15A41D6-6DB5-4B3C-9CAA-95C89FD02F69}.Debug|Any CPU.Build.0 = Debug|Any CPU
		{B15A41D6-6DB5-4B3C-9CAA-95C89FD02F69}.Release|Any CPU.ActiveCfg = Release|Any CPU
		{B15A41D6-6DB5-4B3C-9CAA-95C89FD02F69}.Release|Any CPU.Build.0 = Release|Any CPU
	EndGlobalSection
	GlobalSection(SolutionProperties) = preSolution
		HideSolutionNode = FALSE
	EndGlobalSection
	GlobalSection(ExtensibilityGlobals) = postSolution
		SolutionGuid = {10AFB21C-7D5B-4899-9248-C76A96924484}
	EndGlobalSection
EndGlobal
