
Microsoft Visual Studio Solution File, Format Version 12.00
# Visual Studio 15
VisualStudioVersion = 15.0.28307.539
MinimumVisualStudioVersion = 10.0.40219.1
Project("{FAE04EC0-301F-11D3-BF4B-00C04F79EFBC}") = "delegate_practice", "delegate_practice\delegate_practice.csproj", "{88BC1756-8825-488D-A630-932CF140D469}"
EndProject
Global
	GlobalSection(SolutionConfigurationPlatforms) = preSolution
		Debug|Any CPU = Debug|Any CPU
		Release|Any CPU = Release|Any CPU
	EndGlobalSection
	GlobalSection(ProjectConfigurationPlatforms) = postSolution
		{88BC1756-8825-488D-A630-932CF140D469}.Debug|Any CPU.ActiveCfg = Debug|Any CPU
		{88BC1756-8825-488D-A630-932CF140D469}.Debug|Any CPU.Build.0 = Debug|Any CPU
		{88BC1756-8825-488D-A630-932CF140D469}.Release|Any CPU.ActiveCfg = Release|Any CPU
		{88BC1756-8825-488D-A630-932CF140D469}.Release|Any CPU.Build.0 = Release|Any CPU
	EndGlobalSection
	GlobalSection(SolutionProperties) = preSolution
		HideSolutionNode = FALSE
	EndGlobalSection
	GlobalSection(ExtensibilityGlobals) = postSolution
		SolutionGuid = {C6FABB59-CB59-4E81-BF05-DD3B05D426C8}
	EndGlobalSection
EndGlobal
