
Microsoft Visual Studio Solution File, Format Version 12.00
# Visual Studio 15
VisualStudioVersion = 15.0.28307.539
MinimumVisualStudioVersion = 10.0.40219.1
Project("{FAE04EC0-301F-11D3-BF4B-00C04F79EFBC}") = "string_practice", "string_practice\string_practice.csproj", "{186AFF76-CF89-443C-8A6D-F30D8D150F9E}"
EndProject
Global
	GlobalSection(SolutionConfigurationPlatforms) = preSolution
		Debug|Any CPU = Debug|Any CPU
		Release|Any CPU = Release|Any CPU
	EndGlobalSection
	GlobalSection(ProjectConfigurationPlatforms) = postSolution
		{186AFF76-CF89-443C-8A6D-F30D8D150F9E}.Debug|Any CPU.ActiveCfg = Debug|Any CPU
		{186AFF76-CF89-443C-8A6D-F30D8D150F9E}.Debug|Any CPU.Build.0 = Debug|Any CPU
		{186AFF76-CF89-443C-8A6D-F30D8D150F9E}.Release|Any CPU.ActiveCfg = Release|Any CPU
		{186AFF76-CF89-443C-8A6D-F30D8D150F9E}.Release|Any CPU.Build.0 = Release|Any CPU
	EndGlobalSection
	GlobalSection(SolutionProperties) = preSolution
		HideSolutionNode = FALSE
	EndGlobalSection
	GlobalSection(ExtensibilityGlobals) = postSolution
		SolutionGuid = {47CFF843-DE57-4236-B548-D87AA8D18E01}
	EndGlobalSection
EndGlobal
